
Microsoft Visual Studio Solution File, Format Version 12.00
# Visual Studio Version 16
VisualStudioVersion = 16.0.29326.143
MinimumVisualStudioVersion = 10.0.40219.1
Project("{FAE04EC0-301F-11D3-BF4B-00C04F79EFBC}") = "Katas", "Kata1\Katas.csproj", "{9A0199F2-54EF-4891-80CF-F4F09B64B8F1}"
EndProject
Project("{9A19103F-16F7-4668-BE54-9A1E7A4F7556}") = "test", "test\test.csproj", "{089359A9-0A69-4A35-BF39-FC5D3C4F73F6}"
EndProject
Project("{FAE04EC0-301F-11D3-BF4B-00C04F79EFBC}") = "Application", "Application\Application.csproj", "{803947E1-114A-41AB-8807-60FB6D3868E8}"
EndProject
Project("{2150E333-8FDC-42A3-9474-1A3956D46DE8}") = "MiApi", "MiApi", "{15E171AA-CFEE-4BE2-9E77-292A6FA543C6}"
EndProject
Project("{9A19103F-16F7-4668-BE54-9A1E7A4F7556}") = "MiAPI.API", "MiAPI\MiAPI.API\MiAPI.API.csproj", "{094CB90F-3F19-4DE8-9E55-4B5CDE1DF794}"
EndProject
Project("{2150E333-8FDC-42A3-9474-1A3956D46DE8}") = "Tests", "Tests", "{C52349EF-706C-41B9-A1E4-0F2211A157F1}"
EndProject
Project("{9A19103F-16F7-4668-BE54-9A1E7A4F7556}") = "MiAPI.Api.Controllers.Test", "Tests\MiAPI.Api.Controllers.Test\MiAPI.Api.Controllers.Test.csproj", "{1023C3C2-A88C-4841-96C4-BE3D0166F258}"
	ProjectSection(ProjectDependencies) = postProject
		{094CB90F-3F19-4DE8-9E55-4B5CDE1DF794} = {094CB90F-3F19-4DE8-9E55-4B5CDE1DF794}
		{1AFB3EF0-3AF9-405F-A6BD-49B1AE276824} = {1AFB3EF0-3AF9-405F-A6BD-49B1AE276824}
	EndProjectSection
EndProject
Project("{9A19103F-16F7-4668-BE54-9A1E7A4F7556}") = "MiAPI.Business", "MiAPI\MiAPI.Business\MiAPI.Business.csproj", "{8F5C74DB-8EF1-4273-9B1D-80E0EC2C1B06}"
EndProject
Project("{9A19103F-16F7-4668-BE54-9A1E7A4F7556}") = "MiAPI.Actions", "MiAPI\MiAPI.Actions\MiAPI.Actions.csproj", "{1AFB3EF0-3AF9-405F-A6BD-49B1AE276824}"
EndProject
Project("{9A19103F-16F7-4668-BE54-9A1E7A4F7556}") = "MiAPI.Actions.Test", "Tests\MiAPI.Actions.Test\MiAPI.Actions.Test.csproj", "{52416A6D-0558-4199-8C75-9A5BDD86B63C}"
EndProject
Project("{9A19103F-16F7-4668-BE54-9A1E7A4F7556}") = "MiAPI.infrastucture.SqlMigrations", "MiAPI\MiAPI.Migrations\MiAPI.infrastucture.SqlMigrations.csproj", "{B2A6534E-EF94-428A-9CDF-C126E6A4065D}"
EndProject
Project("{FAE04EC0-301F-11D3-BF4B-00C04F79EFBC}") = "MiAPI.Infrastructure.SqlRepository", "MiAPI\MiAPI.Infrastructure.SqlRepository\MiAPI.Infrastructure.SqlRepository.csproj", "{FD190A90-1720-4B07-95FB-4F955F7C05AB}"
EndProject
Project("{FAE04EC0-301F-11D3-BF4B-00C04F79EFBC}") = "MiAPI.Infrastructure.SqlRepository.Test", "Tests\MiAPI.infrastucture.SqlMigrations.Test\MiAPI.Infrastructure.SqlRepository.Test.csproj", "{264443E7-1601-4DB4-99D4-B669B32DADAE}"
EndProject
Global
	GlobalSection(SolutionConfigurationPlatforms) = preSolution
		Debug|Any CPU = Debug|Any CPU
		Release|Any CPU = Release|Any CPU
	EndGlobalSection
	GlobalSection(ProjectConfigurationPlatforms) = postSolution
		{9A0199F2-54EF-4891-80CF-F4F09B64B8F1}.Debug|Any CPU.ActiveCfg = Debug|Any CPU
		{9A0199F2-54EF-4891-80CF-F4F09B64B8F1}.Debug|Any CPU.Build.0 = Debug|Any CPU
		{9A0199F2-54EF-4891-80CF-F4F09B64B8F1}.Release|Any CPU.ActiveCfg = Release|Any CPU
		{9A0199F2-54EF-4891-80CF-F4F09B64B8F1}.Release|Any CPU.Build.0 = Release|Any CPU
		{089359A9-0A69-4A35-BF39-FC5D3C4F73F6}.Debug|Any CPU.ActiveCfg = Debug|Any CPU
		{089359A9-0A69-4A35-BF39-FC5D3C4F73F6}.Debug|Any CPU.Build.0 = Debug|Any CPU
		{089359A9-0A69-4A35-BF39-FC5D3C4F73F6}.Release|Any CPU.ActiveCfg = Release|Any CPU
		{089359A9-0A69-4A35-BF39-FC5D3C4F73F6}.Release|Any CPU.Build.0 = Release|Any CPU
		{803947E1-114A-41AB-8807-60FB6D3868E8}.Debug|Any CPU.ActiveCfg = Debug|Any CPU
		{803947E1-114A-41AB-8807-60FB6D3868E8}.Debug|Any CPU.Build.0 = Debug|Any CPU
		{803947E1-114A-41AB-8807-60FB6D3868E8}.Release|Any CPU.ActiveCfg = Release|Any CPU
		{803947E1-114A-41AB-8807-60FB6D3868E8}.Release|Any CPU.Build.0 = Release|Any CPU
		{094CB90F-3F19-4DE8-9E55-4B5CDE1DF794}.Debug|Any CPU.ActiveCfg = Debug|Any CPU
		{094CB90F-3F19-4DE8-9E55-4B5CDE1DF794}.Debug|Any CPU.Build.0 = Debug|Any CPU
		{094CB90F-3F19-4DE8-9E55-4B5CDE1DF794}.Release|Any CPU.ActiveCfg = Release|Any CPU
		{094CB90F-3F19-4DE8-9E55-4B5CDE1DF794}.Release|Any CPU.Build.0 = Release|Any CPU
		{1023C3C2-A88C-4841-96C4-BE3D0166F258}.Debug|Any CPU.ActiveCfg = Debug|Any CPU
		{1023C3C2-A88C-4841-96C4-BE3D0166F258}.Debug|Any CPU.Build.0 = Debug|Any CPU
		{1023C3C2-A88C-4841-96C4-BE3D0166F258}.Release|Any CPU.ActiveCfg = Release|Any CPU
		{1023C3C2-A88C-4841-96C4-BE3D0166F258}.Release|Any CPU.Build.0 = Release|Any CPU
		{8F5C74DB-8EF1-4273-9B1D-80E0EC2C1B06}.Debug|Any CPU.ActiveCfg = Debug|Any CPU
		{8F5C74DB-8EF1-4273-9B1D-80E0EC2C1B06}.Debug|Any CPU.Build.0 = Debug|Any CPU
		{8F5C74DB-8EF1-4273-9B1D-80E0EC2C1B06}.Release|Any CPU.ActiveCfg = Release|Any CPU
		{8F5C74DB-8EF1-4273-9B1D-80E0EC2C1B06}.Release|Any CPU.Build.0 = Release|Any CPU
		{1AFB3EF0-3AF9-405F-A6BD-49B1AE276824}.Debug|Any CPU.ActiveCfg = Debug|Any CPU
		{1AFB3EF0-3AF9-405F-A6BD-49B1AE276824}.Debug|Any CPU.Build.0 = Debug|Any CPU
		{1AFB3EF0-3AF9-405F-A6BD-49B1AE276824}.Release|Any CPU.ActiveCfg = Release|Any CPU
		{1AFB3EF0-3AF9-405F-A6BD-49B1AE276824}.Release|Any CPU.Build.0 = Release|Any CPU
		{52416A6D-0558-4199-8C75-9A5BDD86B63C}.Debug|Any CPU.ActiveCfg = Debug|Any CPU
		{52416A6D-0558-4199-8C75-9A5BDD86B63C}.Debug|Any CPU.Build.0 = Debug|Any CPU
		{52416A6D-0558-4199-8C75-9A5BDD86B63C}.Release|Any CPU.ActiveCfg = Release|Any CPU
		{52416A6D-0558-4199-8C75-9A5BDD86B63C}.Release|Any CPU.Build.0 = Release|Any CPU
		{B2A6534E-EF94-428A-9CDF-C126E6A4065D}.Debug|Any CPU.ActiveCfg = Debug|Any CPU
		{B2A6534E-EF94-428A-9CDF-C126E6A4065D}.Debug|Any CPU.Build.0 = Debug|Any CPU
		{B2A6534E-EF94-428A-9CDF-C126E6A4065D}.Release|Any CPU.ActiveCfg = Release|Any CPU
		{B2A6534E-EF94-428A-9CDF-C126E6A4065D}.Release|Any CPU.Build.0 = Release|Any CPU
		{FD190A90-1720-4B07-95FB-4F955F7C05AB}.Debug|Any CPU.ActiveCfg = Debug|Any CPU
		{FD190A90-1720-4B07-95FB-4F955F7C05AB}.Debug|Any CPU.Build.0 = Debug|Any CPU
		{FD190A90-1720-4B07-95FB-4F955F7C05AB}.Release|Any CPU.ActiveCfg = Release|Any CPU
		{FD190A90-1720-4B07-95FB-4F955F7C05AB}.Release|Any CPU.Build.0 = Release|Any CPU
		{264443E7-1601-4DB4-99D4-B669B32DADAE}.Debug|Any CPU.ActiveCfg = Debug|Any CPU
		{264443E7-1601-4DB4-99D4-B669B32DADAE}.Debug|Any CPU.Build.0 = Debug|Any CPU
		{264443E7-1601-4DB4-99D4-B669B32DADAE}.Release|Any CPU.ActiveCfg = Release|Any CPU
		{264443E7-1601-4DB4-99D4-B669B32DADAE}.Release|Any CPU.Build.0 = Release|Any CPU
	EndGlobalSection
	GlobalSection(SolutionProperties) = preSolution
		HideSolutionNode = FALSE
	EndGlobalSection
	GlobalSection(NestedProjects) = preSolution
		{089359A9-0A69-4A35-BF39-FC5D3C4F73F6} = {C52349EF-706C-41B9-A1E4-0F2211A157F1}
		{094CB90F-3F19-4DE8-9E55-4B5CDE1DF794} = {15E171AA-CFEE-4BE2-9E77-292A6FA543C6}
		{1023C3C2-A88C-4841-96C4-BE3D0166F258} = {C52349EF-706C-41B9-A1E4-0F2211A157F1}
		{8F5C74DB-8EF1-4273-9B1D-80E0EC2C1B06} = {15E171AA-CFEE-4BE2-9E77-292A6FA543C6}
		{1AFB3EF0-3AF9-405F-A6BD-49B1AE276824} = {15E171AA-CFEE-4BE2-9E77-292A6FA543C6}
		{52416A6D-0558-4199-8C75-9A5BDD86B63C} = {C52349EF-706C-41B9-A1E4-0F2211A157F1}
		{B2A6534E-EF94-428A-9CDF-C126E6A4065D} = {15E171AA-CFEE-4BE2-9E77-292A6FA543C6}
		{FD190A90-1720-4B07-95FB-4F955F7C05AB} = {15E171AA-CFEE-4BE2-9E77-292A6FA543C6}
		{264443E7-1601-4DB4-99D4-B669B32DADAE} = {C52349EF-706C-41B9-A1E4-0F2211A157F1}
	EndGlobalSection
	GlobalSection(ExtensibilityGlobals) = postSolution
		SolutionGuid = {06929A49-B43D-40A2-9983-F9BD3776123D}
	EndGlobalSection
EndGlobal
